{
  "name": "history",
  "version": "1.0.0",
  "lockfileVersion": 2,
  "requires": true,
  "packages": {
    "": {
      "name": "history",
      "version": "1.0.0",
      "license": "ISC",
      "dependencies": {
        "stroke": "file:/home/brandon/Gnomorph/Stroke"
      }
    },
    "../Stroke": {
      "version": "1.0.0",
      "license": "ISC"
    },
    "node_modules/stroke": {
      "resolved": "../Stroke",
      "link": true
    }
  },
  "dependencies": {
    "stroke": {
      "version": "file:../Stroke"
    }
  }
}
